<?xml version="1.0" encoding="utf-8"?>
<Project ToolsVersion="4.0" xmlns="http://schemas.microsoft.com/developer/msbuild/2003">
  <ItemGroup>
    <Filter Include="Core">
      <UniqueIdentifier>{6425C311-9095-49EF-9D36-737A2597C96D}</UniqueIdentifier>
    </Filter>
    <Filter Include="Scene">
      <UniqueIdentifier>{6D076E75-E99B-49BF-BB66-E5D8377C4238}</UniqueIdentifier>
    </Filter>
    <Filter Include="Rendering">
      <UniqueIdentifier>{06C40B10-1376-47FA-85D0-B8A062BBF606}</UniqueIdentifier>
    </Filter>
    <Filter Include="Rendering\Resources">
      <UniqueIdentifier>{FC728B59-0F5C-451F-9F22-E123208D6F4B}</UniqueIdentifier>
    </Filter>
    <Filter Include="Rendering\Shaders">
      <UniqueIdentifier>{05E64356-DAD7-453A-A083-C51DC0EFD9A6}</UniqueIdentifier>
    </Filter>
    <Filter Include="Collision">
      <UniqueIdentifier>{9425DBA1-C63C-4878-A99D-31C46CC1F531}</UniqueIdentifier>
    </Filter>
    <Filter Include="Navigation">
      <UniqueIdentifier>{653E1E06-E0AB-4EE8-B3BC-7CCF412B76F8}</UniqueIdentifier>
    </Filter>
    <Filter Include="Gameplay">
      <UniqueIdentifier>{797D4162-819D-448F-903B-E183A9A5634E}</UniqueIdentifier>
    </Filter>
  </ItemGroup>
  <ItemGroup>
    <ClCompile Include="main.cpp">
      <Filter>Core</Filter>
    </ClCompile>
    <ClCompile Include="Timer.cpp">
      <Filter>Core</Filter>
    </ClCompile>
    <ClCompile Include="Windows.cpp">
      <Filter>Core</Filter>
    </ClCompile>
    <ClCompile Include="GameLoop.cpp">
      <Filter>Core</Filter>
    </ClCompile>
    <ClCompile Include="InputManager.cpp">
      <Filter>Core</Filter>
    </ClCompile>
    <ClCompile Include="Actor.cpp">
      <Filter>Scene</Filter>
    </ClCompile>
    <ClCompile Include="Component.cpp">
      <Filter>Scene</Filter>
    </ClCompile>
	<ClCompile Include="ExitZoneActor.cpp">
	  <Filter>Gameplay</Filter>
	</ClCompile>
    <ClCompile Include="Transform.cpp">
      <Filter>Scene</Filter>
    </ClCompile>
    <ClCompile Include="World.cpp">
      <Filter>Scene</Filter>
    </ClCompile>
    <ClCompile Include="Graphics.cpp">
      <Filter>Rendering</Filter>
    </ClCompile>
	<ClCompile Include="HospitalLevel.cpp">
	  <Filter>Scene</Filter>
	</ClCompile>
    <ClCompile Include="Renderer.cpp">
      <Filter>Rendering</Filter>
    </ClCompile>
    <ClCompile Include="RenderObject.cpp">
      <Filter>Rendering</Filter>
    </ClCompile>
    <ClCompile Include="Camera.cpp">
      <Filter>Rendering</Filter>
    </ClCompile>
    <ClCompile Include="Shader.cpp">
      <Filter>Rendering</Filter>
    </ClCompile>
    <ClCompile Include="Mesh.cpp">
      <Filter>Rendering\Resources</Filter>
    </ClCompile>
    <ClCompile Include="Model.cpp">
      <Filter>Rendering\Resources</Filter>
    </ClCompile>
    <ClCompile Include="Texture.cpp">
      <Filter>Rendering\Resources</Filter>
    </ClCompile>
    <ClCompile Include="MeshComponent.cpp">
      <Filter>Rendering\Resources</Filter>
    </ClCompile>
    <ClCompile Include="CollisionTypes.cpp">
      <Filter>Collision</Filter>
    </ClCompile>
    <ClCompile Include="BoxColliderComponent.cpp">
      <Filter>Collision</Filter>
    </ClCompile>
    <ClCompile Include="MeshColliderComponent.cpp">
      <Filter>Collision</Filter>
    </ClCompile>
    <ClCompile Include="NavigationGrid.cpp">
      <Filter>Navigation</Filter>
    </ClCompile>
    <ClCompile Include="LightSaverGame.cpp">
      <Filter>Gameplay</Filter>
    </ClCompile>
    <ClCompile Include="PlayerActor.cpp">
      <Filter>Gameplay</Filter>
    </ClCompile>
    <ClCompile Include="PlayerController.cpp">
      <Filter>Gameplay</Filter>
    </ClCompile>
    <ClCompile Include="MonsterActor.cpp">
      <Filter>Gameplay</Filter>
    </ClCompile>
    <ClCompile Include="GeneratorActor.cpp">
      <Filter>Gameplay</Filter>
    </ClCompile>
    <ClCompile Include="Interactable.cpp">
      <Filter>Gameplay</Filter>
    </ClCompile>
    <ClCompile Include="UIRenderer.cpp">
      <Filter>Rendering</Filter>
    </ClCompile>
    <ClCompile Include="GameHUD.cpp">
      <Filter>Rendering</Filter>
    </ClCompile>
  </ItemGroup>
  <ItemGroup>
    <ClInclude Include="resource.h">
      <Filter>Core</Filter>
    </ClInclude>
    <ClInclude Include="Timer.h">
      <Filter>Core</Filter>
    </ClInclude>
    <ClInclude Include="Windows.h">
      <Filter>Core</Filter>
    </ClInclude>
    <ClInclude Include="GameLoop.h">
      <Filter>Core</Filter>
    </ClInclude>
    <ClInclude Include="InputManager.h">
      <Filter>Core</Filter>
    </ClInclude>
    <ClInclude Include="Actor.h">
      <Filter>Scene</Filter>
    </ClInclude>
    <ClInclude Include="Component.h">
      <Filter>Scene</Filter>
    </ClInclude>
	<ClInclude Include="ExitZoneActor.h">
	  <Filter>Gameplay</Filter>
	</ClInclude>
    <ClInclude Include="Transform.h">
      <Filter>Scene</Filter>
    </ClInclude>
    <ClInclude Include="World.h">
      <Filter>Scene</Filter>
    </ClInclude>
    <ClInclude Include="Graphics.h">
      <Filter>Rendering</Filter>
    </ClInclude>
	<ClInclude Include="HospitalLevel.h">
	  <Filter>Scene</Filter>
	</ClInclude>
    <ClInclude Include="Renderer.h">
      <Filter>Rendering</Filter>
    </ClInclude>
    <ClInclude Include="RenderObject.h">
      <Filter>Rendering</Filter>
    </ClInclude>
    <ClInclude Include="Camera.h">
      <Filter>Rendering</Filter>
    </ClInclude>
    <ClInclude Include="Shader.h">
      <Filter>Rendering</Filter>
    </ClInclude>
    <ClInclude Include="Mesh.h">
      <Filter>Rendering\Resources</Filter>
    </ClInclude>
    <ClInclude Include="Model.h">
      <Filter>Rendering\Resources</Filter>
    </ClInclude>
    <ClInclude Include="Texture.h">
      <Filter>Rendering\Resources</Filter>
    </ClInclude>
    <ClInclude Include="MeshComponent.h">
      <Filter>Rendering\Resources</Filter>
    </ClInclude>
    <ClInclude Include="CollisionTypes.h">
      <Filter>Collision</Filter>
    </ClInclude>
    <ClInclude Include="BoxColliderComponent.h">
      <Filter>Collision</Filter>
    </ClInclude>
    <ClInclude Include="MeshColliderComponent.h">
      <Filter>Collision</Filter>
    </ClInclude>
    <ClInclude Include="NavigationGrid.h">
      <Filter>Navigation</Filter>
    </ClInclude>
    <ClInclude Include="LightSaverGame.h">
      <Filter>Gameplay</Filter>
    </ClInclude>
    <ClInclude Include="PlayerActor.h">
      <Filter>Gameplay</Filter>
    </ClInclude>
    <ClInclude Include="PlayerController.h">
      <Filter>Gameplay</Filter>
    </ClInclude>
    <ClInclude Include="MonsterActor.h">
      <Filter>Gameplay</Filter>
    </ClInclude>
    <ClInclude Include="GeneratorActor.h">
      <Filter>Gameplay</Filter>
    </ClInclude>
    <ClInclude Include="Interactable.h">
      <Filter>Gameplay</Filter>
    </ClInclude>
    <ClInclude Include="UIRenderer.h">
      <Filter>Rendering</Filter>
    </ClInclude>
    <ClInclude Include="GameHUD.h">
      <Filter>Rendering</Filter>
    </ClInclude>
    <ClInclude Include="GameState.h">
      <Filter>Gameplay</Filter>
    </ClInclude>
  </ItemGroup>
  <ItemGroup>
    <FxCompile Include="shader.hlsl">
      <Filter>Rendering\Shaders</Filter>
    </FxCompile>
    <FxCompile Include="UIShader.hlsl">
      <Filter>Rendering\Shaders</Filter>
    </FxCompile>
  </ItemGroup>
</Project>
